
Microsoft Visual Studio Solution File, Format Version 12.00
Project("{FAE04EC0-301F-11D3-BF4B-00C04F79EFBC}") = "MessengerMobile", "MessengerMobile\MessengerMobile\MessengerMobile.csproj", "{1F30A42E-DD6B-4D1D-B7BA-D0E39F1B7FE6}"
EndProject
Project("{FAE04EC0-301F-11D3-BF4B-00C04F79EFBC}") = "MessengerMobile.Droid", "MessengerMobile\MessengerMobile.Droid\MessengerMobile.Droid.csproj", "{A1CA3F6B-EE42-41D1-A7B7-70C71771695A}"
EndProject
Global
	GlobalSection(SolutionConfigurationPlatforms) = preSolution
		Ad-Hoc|iPhone = Ad-Hoc|iPhone
		AppStore|iPhone = AppStore|iPhone
		Debug|Any CPU = Debug|Any CPU
		Debug|iPhone = Debug|iPhone
		Debug|iPhoneSimulator = Debug|iPhoneSimulator
		Release|Any CPU = Release|Any CPU
		Release|iPhone = Release|iPhone
		Release|iPhoneSimulator = Release|iPhoneSimulator
	EndGlobalSection
	GlobalSection(ProjectConfigurationPlatforms) = postSolution
		{1F30A42E-DD6B-4D1D-B7BA-D0E39F1B7FE6}.Ad-Hoc|iPhone.ActiveCfg = Debug|Any CPU
		{1F30A42E-DD6B-4D1D-B7BA-D0E39F1B7FE6}.Ad-Hoc|iPhone.Build.0 = Debug|Any CPU
		{1F30A42E-DD6B-4D1D-B7BA-D0E39F1B7FE6}.AppStore|iPhone.ActiveCfg = Debug|Any CPU
		{1F30A42E-DD6B-4D1D-B7BA-D0E39F1B7FE6}.AppStore|iPhone.Build.0 = Debug|Any CPU
		{1F30A42E-DD6B-4D1D-B7BA-D0E39F1B7FE6}.Debug|Any CPU.ActiveCfg = Debug|Any CPU
		{1F30A42E-DD6B-4D1D-B7BA-D0E39F1B7FE6}.Debug|Any CPU.Build.0 = Debug|Any CPU
		{1F30A42E-DD6B-4D1D-B7BA-D0E39F1B7FE6}.Debug|iPhone.ActiveCfg = Debug|Any CPU
		{1F30A42E-DD6B-4D1D-B7BA-D0E39F1B7FE6}.Debug|iPhone.Build.0 = Debug|Any CPU
		{1F30A42E-DD6B-4D1D-B7BA-D0E39F1B7FE6}.Debug|iPhoneSimulator.ActiveCfg = Debug|Any CPU
		{1F30A42E-DD6B-4D1D-B7BA-D0E39F1B7FE6}.Debug|iPhoneSimulator.Build.0 = Debug|Any CPU
		{1F30A42E-DD6B-4D1D-B7BA-D0E39F1B7FE6}.Release|Any CPU.ActiveCfg = Release|Any CPU
		{1F30A42E-DD6B-4D1D-B7BA-D0E39F1B7FE6}.Release|Any CPU.Build.0 = Release|Any CPU
		{1F30A42E-DD6B-4D1D-B7BA-D0E39F1B7FE6}.Release|iPhone.ActiveCfg = Release|Any CPU
		{1F30A42E-DD6B-4D1D-B7BA-D0E39F1B7FE6}.Release|iPhone.Build.0 = Release|Any CPU
		{1F30A42E-DD6B-4D1D-B7BA-D0E39F1B7FE6}.Release|iPhoneSimulator.ActiveCfg = Release|Any CPU
		{1F30A42E-DD6B-4D1D-B7BA-D0E39F1B7FE6}.Release|iPhoneSimulator.Build.0 = Release|Any CPU
		{A1CA3F6B-EE42-41D1-A7B7-70C71771695A}.Ad-Hoc|iPhone.ActiveCfg = Debug|Any CPU
		{A1CA3F6B-EE42-41D1-A7B7-70C71771695A}.Ad-Hoc|iPhone.Build.0 = Debug|Any CPU
		{A1CA3F6B-EE42-41D1-A7B7-70C71771695A}.Ad-Hoc|iPhone.Deploy.0 = Debug|Any CPU
		{A1CA3F6B-EE42-41D1-A7B7-70C71771695A}.AppStore|iPhone.ActiveCfg = Debug|Any CPU
		{A1CA3F6B-EE42-41D1-A7B7-70C71771695A}.AppStore|iPhone.Build.0 = Debug|Any CPU
		{A1CA3F6B-EE42-41D1-A7B7-70C71771695A}.AppStore|iPhone.Deploy.0 = Debug|Any CPU
		{A1CA3F6B-EE42-41D1-A7B7-70C71771695A}.Debug|Any CPU.ActiveCfg = Debug|Any CPU
		{A1CA3F6B-EE42-41D1-A7B7-70C71771695A}.Debug|Any CPU.Build.0 = Debug|Any CPU
		{A1CA3F6B-EE42-41D1-A7B7-70C71771695A}.Debug|Any CPU.Deploy.0 = Debug|Any CPU
		{A1CA3F6B-EE42-41D1-A7B7-70C71771695A}.Debug|iPhone.ActiveCfg = Debug|Any CPU
		{A1CA3F6B-EE42-41D1-A7B7-70C71771695A}.Debug|iPhone.Build.0 = Debug|Any CPU
		{A1CA3F6B-EE42-41D1-A7B7-70C71771695A}.Debug|iPhone.Deploy.0 = Debug|Any CPU
		{A1CA3F6B-EE42-41D1-A7B7-70C71771695A}.Debug|iPhoneSimulator.ActiveCfg = Debug|Any CPU
		{A1CA3F6B-EE42-41D1-A7B7-70C71771695A}.Debug|iPhoneSimulator.Build.0 = Debug|Any CPU
		{A1CA3F6B-EE42-41D1-A7B7-70C71771695A}.Debug|iPhoneSimulator.Deploy.0 = Debug|Any CPU
		{A1CA3F6B-EE42-41D1-A7B7-70C71771695A}.Release|Any CPU.ActiveCfg = Release|Any CPU
		{A1CA3F6B-EE42-41D1-A7B7-70C71771695A}.Release|Any CPU.Build.0 = Release|Any CPU
		{A1CA3F6B-EE42-41D1-A7B7-70C71771695A}.Release|Any CPU.Deploy.0 = Release|Any CPU
		{A1CA3F6B-EE42-41D1-A7B7-70C71771695A}.Release|iPhone.ActiveCfg = Release|Any CPU
		{A1CA3F6B-EE42-41D1-A7B7-70C71771695A}.Release|iPhone.Build.0 = Release|Any CPU
		{A1CA3F6B-EE42-41D1-A7B7-70C71771695A}.Release|iPhone.Deploy.0 = Release|Any CPU
		{A1CA3F6B-EE42-41D1-A7B7-70C71771695A}.Release|iPhoneSimulator.ActiveCfg = Release|Any CPU
		{A1CA3F6B-EE42-41D1-A7B7-70C71771695A}.Release|iPhoneSimulator.Build.0 = Release|Any CPU
		{A1CA3F6B-EE42-41D1-A7B7-70C71771695A}.Release|iPhoneSimulator.Deploy.0 = Release|Any CPU
	EndGlobalSection
EndGlobal
